// !$*UTF8*$!
{
	archiveVersion = 1;
	classes = {
	};
	objectVersion = 55;
	objects = {

/* Begin PBXBuildFile section */
		378C5D5F27B15AA3006AD463 /* module04App.swift in Sources */ = {isa = PBXBuildFile; fileRef = 378C5D5E27B15AA3006AD463 /* module04App.swift */; };
		378C5D6127B15AA3006AD463 /* RecipeListView.swift in Sources */ = {isa = PBXBuildFile; fileRef = 378C5D6027B15AA3006AD463 /* RecipeListView.swift */; };
		378C5D6327B15AA7006AD463 /* Assets.xcassets in Resources */ = {isa = PBXBuildFile; fileRef = 378C5D6227B15AA7006AD463 /* Assets.xcassets */; };
		378C5D6627B15AA7006AD463 /* Preview Assets.xcassets in Resources */ = {isa = PBXBuildFile; fileRef = 378C5D6527B15AA7006AD463 /* Preview Assets.xcassets */; };
		378C5D6D27B15B06006AD463 /* data.json in Resources */ = {isa = PBXBuildFile; fileRef = 378C5D6C27B15B06006AD463 /* data.json */; };
		378C5D7427B15BDF006AD463 /* Recipe.swift in Sources */ = {isa = PBXBuildFile; fileRef = 378C5D7327B15BDF006AD463 /* Recipe.swift */; };
		378C5D7627B15BEB006AD463 /* Sercive.swift in Sources */ = {isa = PBXBuildFile; fileRef = 378C5D7527B15BEB006AD463 /* Sercive.swift */; };
		378C5D7827B15BFA006AD463 /* RecipeModel.swift in Sources */ = {isa = PBXBuildFile; fileRef = 378C5D7727B15BFA006AD463 /* RecipeModel.swift */; };
		378C5D7A27B1663C006AD463 /* RecipeDetailView.swift in Sources */ = {isa = PBXBuildFile; fileRef = 378C5D7927B1663C006AD463 /* RecipeDetailView.swift */; };
		378C5D8227B16E36006AD463 /* RecipeTabView.swift in Sources */ = {isa = PBXBuildFile; fileRef = 378C5D8127B16E36006AD463 /* RecipeTabView.swift */; };
		378C5D8427B219E0006AD463 /* RecipeFeaturedView.swift in Sources */ = {isa = PBXBuildFile; fileRef = 378C5D8327B219E0006AD463 /* RecipeFeaturedView.swift */; };
/* End PBXBuildFile section */

/* Begin PBXFileReference section */
		378C5D5B27B15AA3006AD463 /* module04.app */ = {isa = PBXFileReference; explicitFileType = wrapper.application; includeInIndex = 0; path = module04.app; sourceTree = BUILT_PRODUCTS_DIR; };
		378C5D5E27B15AA3006AD463 /* module04App.swift */ = {isa = PBXFileReference; lastKnownFileType = sourcecode.swift; path = module04App.swift; sourceTree = "<group>"; };
		378C5D6027B15AA3006AD463 /* RecipeListView.swift */ = {isa = PBXFileReference; lastKnownFileType = sourcecode.swift; path = RecipeListView.swift; sourceTree = "<group>"; };
		378C5D6227B15AA7006AD463 /* Assets.xcassets */ = {isa = PBXFileReference; lastKnownFileType = folder.assetcatalog; path = Assets.xcassets; sourceTree = "<group>"; };
		378C5D6527B15AA7006AD463 /* Preview Assets.xcassets */ = {isa = PBXFileReference; lastKnownFileType = folder.assetcatalog; path = "Preview Assets.xcassets"; sourceTree = "<group>"; };
		378C5D6C27B15B06006AD463 /* data.json */ = {isa = PBXFileReference; lastKnownFileType = text.json; path = data.json; sourceTree = "<group>"; };
		378C5D7327B15BDF006AD463 /* Recipe.swift */ = {isa = PBXFileReference; lastKnownFileType = sourcecode.swift; path = Recipe.swift; sourceTree = "<group>"; };
		378C5D7527B15BEB006AD463 /* Sercive.swift */ = {isa = PBXFileReference; lastKnownFileType = sourcecode.swift; path = Sercive.swift; sourceTree = "<group>"; };
		378C5D7727B15BFA006AD463 /* RecipeModel.swift */ = {isa = PBXFileReference; lastKnownFileType = sourcecode.swift; path = RecipeModel.swift; sourceTree = "<group>"; };
		378C5D7927B1663C006AD463 /* RecipeDetailView.swift */ = {isa = PBXFileReference; lastKnownFileType = sourcecode.swift; path = RecipeDetailView.swift; sourceTree = "<group>"; };
		378C5D8127B16E36006AD463 /* RecipeTabView.swift */ = {isa = PBXFileReference; lastKnownFileType = sourcecode.swift; path = RecipeTabView.swift; sourceTree = "<group>"; };
		378C5D8327B219E0006AD463 /* RecipeFeaturedView.swift */ = {isa = PBXFileReference; lastKnownFileType = sourcecode.swift; path = RecipeFeaturedView.swift; sourceTree = "<group>"; };
/* End PBXFileReference section */

/* Begin PBXFrameworksBuildPhase section */
		378C5D5827B15AA3006AD463 /* Frameworks */ = {
			isa = PBXFrameworksBuildPhase;
			buildActionMask = 2147483647;
			files = (
			);
			runOnlyForDeploymentPostprocessing = 0;
		};
/* End PBXFrameworksBuildPhase section */

/* Begin PBXGroup section */
		378C5D5227B15AA2006AD463 = {
			isa = PBXGroup;
			children = (
				378C5D5D27B15AA3006AD463 /* module04 */,
				378C5D5C27B15AA3006AD463 /* Products */,
			);
			sourceTree = "<group>";
		};
		378C5D5C27B15AA3006AD463 /* Products */ = {
			isa = PBXGroup;
			children = (
				378C5D5B27B15AA3006AD463 /* module04.app */,
			);
			name = Products;
			sourceTree = "<group>";
		};
		378C5D5D27B15AA3006AD463 /* module04 */ = {
			isa = PBXGroup;
			children = (
				378C5D5E27B15AA3006AD463 /* module04App.swift */,
				378C5D6E27B15B19006AD463 /* Model */,
				378C5D7227B15B33006AD463 /* Service */,
				378C5D7127B15B2D006AD463 /* Data */,
				378C5D7027B15B25006AD463 /* ViewModel */,
				378C5D6F27B15B1F006AD463 /* Views */,
				378C5D6227B15AA7006AD463 /* Assets.xcassets */,
				378C5D6427B15AA7006AD463 /* Preview Content */,
			);
			path = module04;
			sourceTree = "<group>";
		};
		378C5D6427B15AA7006AD463 /* Preview Content */ = {
			isa = PBXGroup;
			children = (
				378C5D6527B15AA7006AD463 /* Preview Assets.xcassets */,
			);
			path = "Preview Content";
			sourceTree = "<group>";
		};
		378C5D6E27B15B19006AD463 /* Model */ = {
			isa = PBXGroup;
			children = (
				378C5D7327B15BDF006AD463 /* Recipe.swift */,
			);
			path = Model;
			sourceTree = "<group>";
		};
		378C5D6F27B15B1F006AD463 /* Views */ = {
			isa = PBXGroup;
			children = (
				378C5D8127B16E36006AD463 /* RecipeTabView.swift */,
				378C5D6027B15AA3006AD463 /* RecipeListView.swift */,
				378C5D7927B1663C006AD463 /* RecipeDetailView.swift */,
				378C5D8327B219E0006AD463 /* RecipeFeaturedView.swift */,
			);
			path = Views;
			sourceTree = "<group>";
		};
		378C5D7027B15B25006AD463 /* ViewModel */ = {
			isa = PBXGroup;
			children = (
				378C5D7727B15BFA006AD463 /* RecipeModel.swift */,
			);
			path = ViewModel;
			sourceTree = "<group>";
		};
		378C5D7127B15B2D006AD463 /* Data */ = {
			isa = PBXGroup;
			children = (
				378C5D6C27B15B06006AD463 /* data.json */,
			);
			path = Data;
			sourceTree = "<group>";
		};
		378C5D7227B15B33006AD463 /* Service */ = {
			isa = PBXGroup;
			children = (
				378C5D7527B15BEB006AD463 /* Sercive.swift */,
			);
			path = Service;
			sourceTree = "<group>";
		};
/* End PBXGroup section */

/* Begin PBXNativeTarget section */
		378C5D5A27B15AA3006AD463 /* module04 */ = {
			isa = PBXNativeTarget;
			buildConfigurationList = 378C5D6927B15AA7006AD463 /* Build configuration list for PBXNativeTarget "module04" */;
			buildPhases = (
				378C5D5727B15AA3006AD463 /* Sources */,
				378C5D5827B15AA3006AD463 /* Frameworks */,
				378C5D5927B15AA3006AD463 /* Resources */,
			);
			buildRules = (
			);
			dependencies = (
			);
			name = module04;
			productName = module04;
			productReference = 378C5D5B27B15AA3006AD463 /* module04.app */;
			productType = "com.apple.product-type.application";
		};
/* End PBXNativeTarget section */

/* Begin PBXProject section */
		378C5D5327B15AA2006AD463 /* Project object */ = {
			isa = PBXProject;
			attributes = {
				BuildIndependentTargetsInParallel = 1;
				LastSwiftUpdateCheck = 1320;
				LastUpgradeCheck = 1320;
				TargetAttributes = {
					378C5D5A27B15AA3006AD463 = {
						CreatedOnToolsVersion = 13.2.1;
					};
				};
			};
			buildConfigurationList = 378C5D5627B15AA2006AD463 /* Build configuration list for PBXProject "module04" */;
			compatibilityVersion = "Xcode 13.0";
			developmentRegion = en;
			hasScannedForEncodings = 0;
			knownRegions = (
				en,
				Base,
			);
			mainGroup = 378C5D5227B15AA2006AD463;
			productRefGroup = 378C5D5C27B15AA3006AD463 /* Products */;
			projectDirPath = "";
			projectRoot = "";
			targets = (
				378C5D5A27B15AA3006AD463 /* module04 */,
			);
		};
/* End PBXProject section */

/* Begin PBXResourcesBuildPhase section */
		378C5D5927B15AA3006AD463 /* Resources */ = {
			isa = PBXResourcesBuildPhase;
			buildActionMask = 2147483647;
			files = (
				378C5D6627B15AA7006AD463 /* Preview Assets.xcassets in Resources */,
				378C5D6D27B15B06006AD463 /* data.json in Resources */,
				378C5D6327B15AA7006AD463 /* Assets.xcassets in Resources */,
			);
			runOnlyForDeploymentPostprocessing = 0;
		};
/* End PBXResourcesBuildPhase section */

/* Begin PBXSourcesBuildPhase section */
		378C5D5727B15AA3006AD463 /* Sources */ = {
			isa = PBXSourcesBuildPhase;
			buildActionMask = 2147483647;
			files = (
				378C5D7427B15BDF006AD463 /* Recipe.swift in Sources */,
				378C5D8227B16E36006AD463 /* RecipeTabView.swift in Sources */,
				378C5D7A27B1663C006AD463 /* RecipeDetailView.swift in Sources */,
				378C5D7627B15BEB006AD463 /* Sercive.swift in Sources */,
				378C5D7827B15BFA006AD463 /* RecipeModel.swift in Sources */,
				378C5D6127B15AA3006AD463 /* RecipeListView.swift in Sources */,
				378C5D8427B219E0006AD463 /* RecipeFeaturedView.swift in Sources */,
				378C5D5F27B15AA3006AD463 /* module04App.swift in Sources */,
			);
			runOnlyForDeploymentPostprocessing = 0;
		};
/* End PBXSourcesBuildPhase section */

/* Begin XCBuildConfiguration section */
		378C5D6727B15AA7006AD463 /* Debug */ = {
			isa = XCBuildConfiguration;
			buildSettings = {
				ALWAYS_SEARCH_USER_PATHS = NO;
				CLANG_ANALYZER_NONNULL = YES;
				CLANG_ANALYZER_NUMBER_OBJECT_CONVERSION = YES_AGGRESSIVE;
				CLANG_CXX_LANGUAGE_STANDARD = "gnu++17";
				CLANG_CXX_LIBRARY = "libc++";
				CLANG_ENABLE_MODULES = YES;
				CLANG_ENABLE_OBJC_ARC = YES;
				CLANG_ENABLE_OBJC_WEAK = YES;
				CLANG_WARN_BLOCK_CAPTURE_AUTORELEASING = YES;
				CLANG_WARN_BOOL_CONVERSION = YES;
				CLANG_WARN_COMMA = YES;
				CLANG_WARN_CONSTANT_CONVERSION = YES;
				CLANG_WARN_DEPRECATED_OBJC_IMPLEMENTATIONS = YES;
				CLANG_WARN_DIRECT_OBJC_ISA_USAGE = YES_ERROR;
				CLANG_WARN_DOCUMENTATION_COMMENTS = YES;
				CLANG_WARN_EMPTY_BODY = YES;
				CLANG_WARN_ENUM_CONVERSION = YES;
				CLANG_WARN_INFINITE_RECURSION = YES;
				CLANG_WARN_INT_CONVERSION = YES;
				CLANG_WARN_NON_LITERAL_NULL_CONVERSION = YES;
				CLANG_WARN_OBJC_IMPLICIT_RETAIN_SELF = YES;
				CLANG_WARN_OBJC_LITERAL_CONVERSION = YES;
				CLANG_WARN_OBJC_ROOT_CLASS = YES_ERROR;
				CLANG_WARN_QUOTED_INCLUDE_IN_FRAMEWORK_HEADER = YES;
				CLANG_WARN_RANGE_LOOP_ANALYSIS = YES;
				CLANG_WARN_STRICT_PROTOTYPES = YES;
				CLANG_WARN_SUSPICIOUS_MOVE = YES;
				CLANG_WARN_UNGUARDED_AVAILABILITY = YES_AGGRESSIVE;
				CLANG_WARN_UNREACHABLE_CODE = YES;
				CLANG_WARN__DUPLICATE_METHOD_MATCH = YES;
				COPY_PHASE_STRIP = NO;
				DEBUG_INFORMATION_FORMAT = dwarf;
				ENABLE_STRICT_OBJC_MSGSEND = YES;
				ENABLE_TESTABILITY = YES;
				GCC_C_LANGUAGE_STANDARD = gnu11;
				GCC_DYNAMIC_NO_PIC = NO;
				GCC_NO_COMMON_BLOCKS = YES;
				GCC_OPTIMIZATION_LEVEL = 0;
				GCC_PREPROCESSOR_DEFINITIONS = (
					"DEBUG=1",
					"$(inherited)",
				);
				GCC_WARN_64_TO_32_BIT_CONVERSION = YES;
				GCC_WARN_ABOUT_RETURN_TYPE = YES_ERROR;
				GCC_WARN_UNDECLARED_SELECTOR = YES;
				GCC_WARN_UNINITIALIZED_AUTOS = YES_AGGRESSIVE;
				GCC_WARN_UNUSED_FUNCTION = YES;
				GCC_WARN_UNUSED_VARIABLE = YES;
				IPHONEOS_DEPLOYMENT_TARGET = 15.2;
				MTL_ENABLE_DEBUG_INFO = INCLUDE_SOURCE;
				MTL_FAST_MATH = YES;
				ONLY_ACTIVE_ARCH = YES;
				SDKROOT = iphoneos;
				SWIFT_ACTIVE_COMPILATION_CONDITIONS = DEBUG;
				SWIFT_OPTIMIZATION_LEVEL = "-Onone";
			};
			name = Debug;
		};
		378C5D6827B15AA7006AD463 /* Release */ = {
			isa = XCBuildConfiguration;
			buildSettings = {
				ALWAYS_SEARCH_USER_PATHS = NO;
				CLANG_ANALYZER_NONNULL = YES;
				CLANG_ANALYZER_NUMBER_OBJECT_CONVERSION = YES_AGGRESSIVE;
				CLANG_CXX_LANGUAGE_STANDARD = "gnu++17";
				CLANG_CXX_LIBRARY = "libc++";
				CLANG_ENABLE_MODULES = YES;
				CLANG_ENABLE_OBJC_ARC = YES;
				CLANG_ENABLE_OBJC_WEAK = YES;
				CLANG_WARN_BLOCK_CAPTURE_AUTORELEASING = YES;
				CLANG_WARN_BOOL_CONVERSION = YES;
				CLANG_WARN_COMMA = YES;
				CLANG_WARN_CONSTANT_CONVERSION = YES;
				CLANG_WARN_DEPRECATED_OBJC_IMPLEMENTATIONS = YES;
				CLANG_WARN_DIRECT_OBJC_ISA_USAGE = YES_ERROR;
				CLANG_WARN_DOCUMENTATION_COMMENTS = YES;
				CLANG_WARN_EMPTY_BODY = YES;
				CLANG_WARN_ENUM_CONVERSION = YES;
				CLANG_WARN_INFINITE_RECURSION = YES;
				CLANG_WARN_INT_CONVERSION = YES;
				CLANG_WARN_NON_LITERAL_NULL_CONVERSION = YES;
				CLANG_WARN_OBJC_IMPLICIT_RETAIN_SELF = YES;
				CLANG_WARN_OBJC_LITERAL_CONVERSION = YES;
				CLANG_WARN_OBJC_ROOT_CLASS = YES_ERROR;
				CLANG_WARN_QUOTED_INCLUDE_IN_FRAMEWORK_HEADER = YES;
				CLANG_WARN_RANGE_LOOP_ANALYSIS = YES;
				CLANG_WARN_STRICT_PROTOTYPES = YES;
				CLANG_WARN_SUSPICIOUS_MOVE = YES;
				CLANG_WARN_UNGUARDED_AVAILABILITY = YES_AGGRESSIVE;
				CLANG_WARN_UNREACHABLE_CODE = YES;
				CLANG_WARN__DUPLICATE_METHOD_MATCH = YES;
				COPY_PHASE_STRIP = NO;
				DEBUG_INFORMATION_FORMAT = "dwarf-with-dsym";
				ENABLE_NS_ASSERTIONS = NO;
				ENABLE_STRICT_OBJC_MSGSEND = YES;
				GCC_C_LANGUAGE_STANDARD = gnu11;
				GCC_NO_COMMON_BLOCKS = YES;
				GCC_WARN_64_TO_32_BIT_CONVERSION = YES;
				GCC_WARN_ABOUT_RETURN_TYPE = YES_ERROR;
				GCC_WARN_UNDECLARED_SELECTOR = YES;
				GCC_WARN_UNINITIALIZED_AUTOS = YES_AGGRESSIVE;
				GCC_WARN_UNUSED_FUNCTION = YES;
				GCC_WARN_UNUSED_VARIABLE = YES;
				IPHONEOS_DEPLOYMENT_TARGET = 15.2;
				MTL_ENABLE_DEBUG_INFO = NO;
				MTL_FAST_MATH = YES;
				SDKROOT = iphoneos;
				SWIFT_COMPILATION_MODE = wholemodule;
				SWIFT_OPTIMIZATION_LEVEL = "-O";
				VALIDATE_PRODUCT = YES;
			};
			name = Release;
		};
		378C5D6A27B15AA7006AD463 /* Debug */ = {
			isa = XCBuildConfiguration;
			buildSettings = {
				ASSETCATALOG_COMPILER_APPICON_NAME = AppIcon;
				ASSETCATALOG_COMPILER_GLOBAL_ACCENT_COLOR_NAME = AccentColor;
				CODE_SIGN_STYLE = Automatic;
				CURRENT_PROJECT_VERSION = 1;
				DEVELOPMENT_ASSET_PATHS = "\"module04/Preview Content\"";
				DEVELOPMENT_TEAM = GUHV266M98;
				ENABLE_PREVIEWS = YES;
				GENERATE_INFOPLIST_FILE = YES;
				INFOPLIST_KEY_UIApplicationSceneManifest_Generation = YES;
				INFOPLIST_KEY_UIApplicationSupportsIndirectInputEvents = YES;
				INFOPLIST_KEY_UILaunchScreen_Generation = YES;
				INFOPLIST_KEY_UISupportedInterfaceOrientations_iPad = "UIInterfaceOrientationPortrait UIInterfaceOrientationPortraitUpsideDown UIInterfaceOrientationLandscapeLeft UIInterfaceOrientationLandscapeRight";
				INFOPLIST_KEY_UISupportedInterfaceOrientations_iPhone = "UIInterfaceOrientationPortrait UIInterfaceOrientationLandscapeLeft UIInterfaceOrientationLandscapeRight";
				LD_RUNPATH_SEARCH_PATHS = (
					"$(inherited)",
					"@executable_path/Frameworks",
				);
				MARKETING_VERSION = 1.0;
				PRODUCT_BUNDLE_IDENTIFIER = nguyenlong.module04;
				PRODUCT_NAME = "$(TARGET_NAME)";
				SWIFT_EMIT_LOC_STRINGS = YES;
				SWIFT_VERSION = 5.0;
				TARGETED_DEVICE_FAMILY = "1,2";
			};
			name = Debug;
		};
		378C5D6B27B15AA7006AD463 /* Release */ = {
			isa = XCBuildConfiguration;
			buildSettings = {
				ASSETCATALOG_COMPILER_APPICON_NAME = AppIcon;
				ASSETCATALOG_COMPILER_GLOBAL_ACCENT_COLOR_NAME = AccentColor;
				CODE_SIGN_STYLE = Automatic;
				CURRENT_PROJECT_VERSION = 1;
				DEVELOPMENT_ASSET_PATHS = "\"module04/Preview Content\"";
				DEVELOPMENT_TEAM = GUHV266M98;
				ENABLE_PREVIEWS = YES;
				GENERATE_INFOPLIST_FILE = YES;
				INFOPLIST_KEY_UIApplicationSceneManifest_Generation = YES;
				INFOPLIST_KEY_UIApplicationSupportsIndirectInputEvents = YES;
				INFOPLIST_KEY_UILaunchScreen_Generation = YES;
				INFOPLIST_KEY_UISupportedInterfaceOrientations_iPad = "UIInterfaceOrientationPortrait UIInterfaceOrientationPortraitUpsideDown UIInterfaceOrientationLandscapeLeft UIInterfaceOrientationLandscapeRight";
				INFOPLIST_KEY_UISupportedInterfaceOrientations_iPhone = "UIInterfaceOrientationPortrait UIInterfaceOrientationLandscapeLeft UIInterfaceOrientationLandscapeRight";
				LD_RUNPATH_SEARCH_PATHS = (
					"$(inherited)",
					"@executable_path/Frameworks",
				);
				MARKETING_VERSION = 1.0;
				PRODUCT_BUNDLE_IDENTIFIER = nguyenlong.module04;
				PRODUCT_NAME = "$(TARGET_NAME)";
				SWIFT_EMIT_LOC_STRINGS = YES;
				SWIFT_VERSION = 5.0;
				TARGETED_DEVICE_FAMILY = "1,2";
			};
			name = Release;
		};
/* End XCBuildConfiguration section */

/* Begin XCConfigurationList section */
		378C5D5627B15AA2006AD463 /* Build configuration list for PBXProject "module04" */ = {
			isa = XCConfigurationList;
			buildConfigurations = (
				378C5D6727B15AA7006AD463 /* Debug */,
				378C5D6827B15AA7006AD463 /* Release */,
			);
			defaultConfigurationIsVisible = 0;
			defaultConfigurationName = Release;
		};
		378C5D6927B15AA7006AD463 /* Build configuration list for PBXNativeTarget "module04" */ = {
			isa = XCConfigurationList;
			buildConfigurations = (
				378C5D6A27B15AA7006AD463 /* Debug */,
				378C5D6B27B15AA7006AD463 /* Release */,
			);
			defaultConfigurationIsVisible = 0;
			defaultConfigurationName = Release;
		};
/* End XCConfigurationList section */
	};
	rootObject = 378C5D5327B15AA2006AD463 /* Project object */;
}
